// !$*UTF8*$!
{
	archiveVersion = 1;
	classes = {
	};
	objectVersion = 50;
	objects = {

/* Begin PBXBuildFile section */
		1782AA7525988EBA007B3251 /* Double+String.swift in Sources */ = {isa = PBXBuildFile; fileRef = 1782AA7425988EBA007B3251 /* Double+String.swift */; };
		17F70190259733F300DBC2B2 /* SingaporeBreatheApp.swift in Sources */ = {isa = PBXBuildFile; fileRef = 17F7018F259733F300DBC2B2 /* SingaporeBreatheApp.swift */; };
		17F70192259733F300DBC2B2 /* AirQualityMapView.swift in Sources */ = {isa = PBXBuildFile; fileRef = 17F70191259733F300DBC2B2 /* AirQualityMapView.swift */; };
		17F70194259733F400DBC2B2 /* Assets.xcassets in Resources */ = {isa = PBXBuildFile; fileRef = 17F70193259733F400DBC2B2 /* Assets.xcassets */; };
		17F70197259733F400DBC2B2 /* Preview Assets.xcassets in Resources */ = {isa = PBXBuildFile; fileRef = 17F70196259733F400DBC2B2 /* Preview Assets.xcassets */; };
		17F701A2259733F400DBC2B2 /* Singapore_BreatheTests.swift in Sources */ = {isa = PBXBuildFile; fileRef = 17F701A1259733F400DBC2B2 /* Singapore_BreatheTests.swift */; };
		17F701C4259737BA00DBC2B2 /* PSIModel.swift in Sources */ = {isa = PBXBuildFile; fileRef = 17F701C3259737BA00DBC2B2 /* PSIModel.swift */; };
		17F701CF2597384600DBC2B2 /* Endpoints.swift in Sources */ = {isa = PBXBuildFile; fileRef = 17F701CE2597384600DBC2B2 /* Endpoints.swift */; };
		17F701DC25976E2D00DBC2B2 /* APIInteractor.swift in Sources */ = {isa = PBXBuildFile; fileRef = 17F701DB25976E2D00DBC2B2 /* APIInteractor.swift */; };
		17F701F12597764200DBC2B2 /* APIError.swift in Sources */ = {isa = PBXBuildFile; fileRef = 17F701F02597764200DBC2B2 /* APIError.swift */; };
		17F7020C2597778300DBC2B2 /* Localizable.strings in Resources */ = {isa = PBXBuildFile; fileRef = 17F7020E2597778300DBC2B2 /* Localizable.strings */; };
		17F70228259778E500DBC2B2 /* Localized.swift in Sources */ = {isa = PBXBuildFile; fileRef = 17F70227259778E500DBC2B2 /* Localized.swift */; };
		17F7024F2597F10600DBC2B2 /* AirQualityViewModel.swift in Sources */ = {isa = PBXBuildFile; fileRef = 17F7024E2597F10600DBC2B2 /* AirQualityViewModel.swift */; };
/* End PBXBuildFile section */

/* Begin PBXContainerItemProxy section */
		17F7019E259733F400DBC2B2 /* PBXContainerItemProxy */ = {
			isa = PBXContainerItemProxy;
			containerPortal = 17F70184259733F300DBC2B2 /* Project object */;
			proxyType = 1;
			remoteGlobalIDString = 17F7018B259733F300DBC2B2;
			remoteInfo = "Singapore Breathe";
		};
/* End PBXContainerItemProxy section */

/* Begin PBXFileReference section */
		17345C4F2598233C0088F464 /* README.md */ = {isa = PBXFileReference; lastKnownFileType = net.daringfireball.markdown; path = README.md; sourceTree = "<group>"; };
		1782AA7225987F9C007B3251 /* AirQualityMeasurementNotes.md */ = {isa = PBXFileReference; lastKnownFileType = net.daringfireball.markdown; path = AirQualityMeasurementNotes.md; sourceTree = "<group>"; };
		1782AA7425988EBA007B3251 /* Double+String.swift */ = {isa = PBXFileReference; lastKnownFileType = sourcecode.swift; path = "Double+String.swift"; sourceTree = "<group>"; };
		17F7018C259733F300DBC2B2 /* Singapore Breathe.app */ = {isa = PBXFileReference; explicitFileType = wrapper.application; includeInIndex = 0; path = "Singapore Breathe.app"; sourceTree = BUILT_PRODUCTS_DIR; };
		17F7018F259733F300DBC2B2 /* SingaporeBreatheApp.swift */ = {isa = PBXFileReference; lastKnownFileType = sourcecode.swift; path = SingaporeBreatheApp.swift; sourceTree = "<group>"; };
		17F70191259733F300DBC2B2 /* AirQualityMapView.swift */ = {isa = PBXFileReference; lastKnownFileType = sourcecode.swift; path = AirQualityMapView.swift; sourceTree = "<group>"; };
		17F70193259733F400DBC2B2 /* Assets.xcassets */ = {isa = PBXFileReference; lastKnownFileType = folder.assetcatalog; path = Assets.xcassets; sourceTree = "<group>"; };
		17F70196259733F400DBC2B2 /* Preview Assets.xcassets */ = {isa = PBXFileReference; lastKnownFileType = folder.assetcatalog; path = "Preview Assets.xcassets"; sourceTree = "<group>"; };
		17F70198259733F400DBC2B2 /* Info.plist */ = {isa = PBXFileReference; lastKnownFileType = text.plist.xml; path = Info.plist; sourceTree = "<group>"; };
		17F7019D259733F400DBC2B2 /* Singapore BreatheTests.xctest */ = {isa = PBXFileReference; explicitFileType = wrapper.cfbundle; includeInIndex = 0; path = "Singapore BreatheTests.xctest"; sourceTree = BUILT_PRODUCTS_DIR; };
		17F701A1259733F400DBC2B2 /* Singapore_BreatheTests.swift */ = {isa = PBXFileReference; lastKnownFileType = sourcecode.swift; path = Singapore_BreatheTests.swift; sourceTree = "<group>"; };
		17F701A3259733F400DBC2B2 /* Info.plist */ = {isa = PBXFileReference; lastKnownFileType = text.plist.xml; path = Info.plist; sourceTree = "<group>"; };
		17F701C12597360500DBC2B2 /* APINotes.md */ = {isa = PBXFileReference; lastKnownFileType = net.daringfireball.markdown; path = APINotes.md; sourceTree = "<group>"; };
		17F701C3259737BA00DBC2B2 /* PSIModel.swift */ = {isa = PBXFileReference; lastKnownFileType = sourcecode.swift; path = PSIModel.swift; sourceTree = "<group>"; };
		17F701CE2597384600DBC2B2 /* Endpoints.swift */ = {isa = PBXFileReference; lastKnownFileType = sourcecode.swift; path = Endpoints.swift; sourceTree = "<group>"; };
		17F701DB25976E2D00DBC2B2 /* APIInteractor.swift */ = {isa = PBXFileReference; lastKnownFileType = sourcecode.swift; path = APIInteractor.swift; sourceTree = "<group>"; };
		17F701F02597764200DBC2B2 /* APIError.swift */ = {isa = PBXFileReference; lastKnownFileType = sourcecode.swift; path = APIError.swift; sourceTree = "<group>"; };
		17F7020D2597778300DBC2B2 /* en */ = {isa = PBXFileReference; lastKnownFileType = text.plist.strings; name = en; path = en.lproj/Localizable.strings; sourceTree = "<group>"; };
		17F70227259778E500DBC2B2 /* Localized.swift */ = {isa = PBXFileReference; lastKnownFileType = sourcecode.swift; path = Localized.swift; sourceTree = "<group>"; };
		17F7023E2597957400DBC2B2 /* LocalizationNotes.md */ = {isa = PBXFileReference; lastKnownFileType = net.daringfireball.markdown; path = LocalizationNotes.md; sourceTree = "<group>"; };
		17F7024E2597F10600DBC2B2 /* AirQualityViewModel.swift */ = {isa = PBXFileReference; lastKnownFileType = sourcecode.swift; path = AirQualityViewModel.swift; sourceTree = "<group>"; };
/* End PBXFileReference section */

/* Begin PBXFrameworksBuildPhase section */
		17F70189259733F300DBC2B2 /* Frameworks */ = {
			isa = PBXFrameworksBuildPhase;
			buildActionMask = 2147483647;
			files = (
			);
			runOnlyForDeploymentPostprocessing = 0;
		};
		17F7019A259733F400DBC2B2 /* Frameworks */ = {
			isa = PBXFrameworksBuildPhase;
			buildActionMask = 2147483647;
			files = (
			);
			runOnlyForDeploymentPostprocessing = 0;
		};
/* End PBXFrameworksBuildPhase section */

/* Begin PBXGroup section */
		1782AA7325988EA2007B3251 /* Shared */ = {
			isa = PBXGroup;
			children = (
				1782AA782598908B007B3251 /* Double */,
			);
			path = Shared;
			sourceTree = "<group>";
		};
		1782AA782598908B007B3251 /* Double */ = {
			isa = PBXGroup;
			children = (
				1782AA7425988EBA007B3251 /* Double+String.swift */,
			);
			path = Double;
			sourceTree = "<group>";
		};
		17F70183259733F300DBC2B2 = {
			isa = PBXGroup;
			children = (
				17345C4F2598233C0088F464 /* README.md */,
				17F701C0259735ED00DBC2B2 /* Notes */,
				17F702192597786200DBC2B2 /* Localizations */,
				17F70226259778CE00DBC2B2 /* Generated */,
				17F7018E259733F300DBC2B2 /* Singapore Breathe */,
				1782AA7325988EA2007B3251 /* Shared */,
				17F701A0259733F400DBC2B2 /* Singapore BreatheTests */,
				17F7018D259733F300DBC2B2 /* Products */,
			);
			sourceTree = "<group>";
		};
		17F7018D259733F300DBC2B2 /* Products */ = {
			isa = PBXGroup;
			children = (
				17F7018C259733F300DBC2B2 /* Singapore Breathe.app */,
				17F7019D259733F400DBC2B2 /* Singapore BreatheTests.xctest */,
			);
			name = Products;
			sourceTree = "<group>";
		};
		17F7018E259733F300DBC2B2 /* Singapore Breathe */ = {
			isa = PBXGroup;
			children = (
				17F7018F259733F300DBC2B2 /* SingaporeBreatheApp.swift */,
				17F701C2259736F900DBC2B2 /* API */,
				17F702432597F0CB00DBC2B2 /* Views */,
				17F70193259733F400DBC2B2 /* Assets.xcassets */,
				17F70198259733F400DBC2B2 /* Info.plist */,
				17F70195259733F400DBC2B2 /* Preview Content */,
			);
			path = "Singapore Breathe";
			sourceTree = "<group>";
		};
		17F70195259733F400DBC2B2 /* Preview Content */ = {
			isa = PBXGroup;
			children = (
				17F70196259733F400DBC2B2 /* Preview Assets.xcassets */,
			);
			path = "Preview Content";
			sourceTree = "<group>";
		};
		17F701A0259733F400DBC2B2 /* Singapore BreatheTests */ = {
			isa = PBXGroup;
			children = (
				17F701A1259733F400DBC2B2 /* Singapore_BreatheTests.swift */,
				17F701A3259733F400DBC2B2 /* Info.plist */,
			);
			path = "Singapore BreatheTests";
			sourceTree = "<group>";
		};
		17F701C0259735ED00DBC2B2 /* Notes */ = {
			isa = PBXGroup;
			children = (
				17F701C12597360500DBC2B2 /* APINotes.md */,
				17F7023E2597957400DBC2B2 /* LocalizationNotes.md */,
				1782AA7225987F9C007B3251 /* AirQualityMeasurementNotes.md */,
			);
			path = Notes;
			sourceTree = "<group>";
		};
		17F701C2259736F900DBC2B2 /* API */ = {
			isa = PBXGroup;
			children = (
				17F701EC2597763000DBC2B2 /* Enums */,
				17F701E82597762700DBC2B2 /* Models */,
				17F7023F2597F07F00DBC2B2 /* Classes */,
			);
			path = API;
			sourceTree = "<group>";
		};
		17F701E82597762700DBC2B2 /* Models */ = {
			isa = PBXGroup;
			children = (
				17F701C3259737BA00DBC2B2 /* PSIModel.swift */,
			);
			path = Models;
			sourceTree = "<group>";
		};
		17F701EC2597763000DBC2B2 /* Enums */ = {
			isa = PBXGroup;
			children = (
				17F701F02597764200DBC2B2 /* APIError.swift */,
				17F701CE2597384600DBC2B2 /* Endpoints.swift */,
			);
			path = Enums;
			sourceTree = "<group>";
		};
		17F702192597786200DBC2B2 /* Localizations */ = {
			isa = PBXGroup;
			children = (
				17F7020E2597778300DBC2B2 /* Localizable.strings */,
			);
			name = Localizations;
			sourceTree = "<group>";
		};
		17F70226259778CE00DBC2B2 /* Generated */ = {
			isa = PBXGroup;
			children = (
				17F70227259778E500DBC2B2 /* Localized.swift */,
			);
			path = Generated;
			sourceTree = "<group>";
		};
		17F7023F2597F07F00DBC2B2 /* Classes */ = {
			isa = PBXGroup;
			children = (
				17F701DB25976E2D00DBC2B2 /* APIInteractor.swift */,
			);
			path = Classes;
			sourceTree = "<group>";
		};
		17F702432597F0CB00DBC2B2 /* Views */ = {
			isa = PBXGroup;
			children = (
				17F7024A2597F0EC00DBC2B2 /* Air Quality */,
			);
			path = Views;
			sourceTree = "<group>";
		};
		17F7024A2597F0EC00DBC2B2 /* Air Quality */ = {
			isa = PBXGroup;
			children = (
				17F7024E2597F10600DBC2B2 /* AirQualityViewModel.swift */,
				17F70191259733F300DBC2B2 /* AirQualityMapView.swift */,
			);
			path = "Air Quality";
			sourceTree = "<group>";
		};
/* End PBXGroup section */

/* Begin PBXNativeTarget section */
		17F7018B259733F300DBC2B2 /* Singapore Breathe */ = {
			isa = PBXNativeTarget;
			buildConfigurationList = 17F701B1259733F400DBC2B2 /* Build configuration list for PBXNativeTarget "Singapore Breathe" */;
			buildPhases = (
				17F70188259733F300DBC2B2 /* Sources */,
				17F70189259733F300DBC2B2 /* Frameworks */,
				17F7018A259733F300DBC2B2 /* Resources */,
				17F702172597780800DBC2B2 /* SwiftGen */,
			);
			buildRules = (
			);
			dependencies = (
			);
			name = "Singapore Breathe";
			productName = "Singapore Breathe";
			productReference = 17F7018C259733F300DBC2B2 /* Singapore Breathe.app */;
			productType = "com.apple.product-type.application";
		};
		17F7019C259733F400DBC2B2 /* Singapore BreatheTests */ = {
			isa = PBXNativeTarget;
			buildConfigurationList = 17F701B4259733F400DBC2B2 /* Build configuration list for PBXNativeTarget "Singapore BreatheTests" */;
			buildPhases = (
				17F70199259733F400DBC2B2 /* Sources */,
				17F7019A259733F400DBC2B2 /* Frameworks */,
				17F7019B259733F400DBC2B2 /* Resources */,
			);
			buildRules = (
			);
			dependencies = (
				17F7019F259733F400DBC2B2 /* PBXTargetDependency */,
			);
			name = "Singapore BreatheTests";
			productName = "Singapore BreatheTests";
			productReference = 17F7019D259733F400DBC2B2 /* Singapore BreatheTests.xctest */;
			productType = "com.apple.product-type.bundle.unit-test";
		};
/* End PBXNativeTarget section */

/* Begin PBXProject section */
		17F70184259733F300DBC2B2 /* Project object */ = {
			isa = PBXProject;
			attributes = {
				LastSwiftUpdateCheck = 1230;
				LastUpgradeCheck = 1230;
				TargetAttributes = {
					17F7018B259733F300DBC2B2 = {
						CreatedOnToolsVersion = 12.3;
					};
					17F7019C259733F400DBC2B2 = {
						CreatedOnToolsVersion = 12.3;
						TestTargetID = 17F7018B259733F300DBC2B2;
					};
				};
			};
			buildConfigurationList = 17F70187259733F300DBC2B2 /* Build configuration list for PBXProject "Singapore Breathe" */;
			compatibilityVersion = "Xcode 9.3";
			developmentRegion = en;
			hasScannedForEncodings = 0;
			knownRegions = (
				en,
				Base,
			);
			mainGroup = 17F70183259733F300DBC2B2;
			productRefGroup = 17F7018D259733F300DBC2B2 /* Products */;
			projectDirPath = "";
			projectRoot = "";
			targets = (
				17F7018B259733F300DBC2B2 /* Singapore Breathe */,
				17F7019C259733F400DBC2B2 /* Singapore BreatheTests */,
			);
		};
/* End PBXProject section */

/* Begin PBXResourcesBuildPhase section */
		17F7018A259733F300DBC2B2 /* Resources */ = {
			isa = PBXResourcesBuildPhase;
			buildActionMask = 2147483647;
			files = (
				17F70197259733F400DBC2B2 /* Preview Assets.xcassets in Resources */,
				17F7020C2597778300DBC2B2 /* Localizable.strings in Resources */,
				17F70194259733F400DBC2B2 /* Assets.xcassets in Resources */,
			);
			runOnlyForDeploymentPostprocessing = 0;
		};
		17F7019B259733F400DBC2B2 /* Resources */ = {
			isa = PBXResourcesBuildPhase;
			buildActionMask = 2147483647;
			files = (
			);
			runOnlyForDeploymentPostprocessing = 0;
		};
/* End PBXResourcesBuildPhase section */

/* Begin PBXShellScriptBuildPhase section */
		17F702172597780800DBC2B2 /* SwiftGen */ = {
			isa = PBXShellScriptBuildPhase;
			buildActionMask = 2147483647;
			files = (
			);
			inputFileListPaths = (
			);
			inputPaths = (
			);
			name = SwiftGen;
			outputFileListPaths = (
			);
			outputPaths = (
			);
			runOnlyForDeploymentPostprocessing = 0;
			shellPath = /bin/sh;
			shellScript = "if ! command -v swiftgen &> /dev/null\nthen\n    echo \"swiftgen could not be found\"\n    exit\nfi\n\nswiftgen run strings -t structured-swift5 \"$PROJECT_DIR/en.lproj/Localizable.strings\" --output \"$PROJECT_DIR/Generated/Localized.swift\" --param enumName=L10N;\n";
		};
/* End PBXShellScriptBuildPhase section */

/* Begin PBXSourcesBuildPhase section */
		17F70188259733F300DBC2B2 /* Sources */ = {
			isa = PBXSourcesBuildPhase;
			buildActionMask = 2147483647;
			files = (
				17F701DC25976E2D00DBC2B2 /* APIInteractor.swift in Sources */,
				17F70192259733F300DBC2B2 /* AirQualityMapView.swift in Sources */,
				17F701C4259737BA00DBC2B2 /* PSIModel.swift in Sources */,
				1782AA7525988EBA007B3251 /* Double+String.swift in Sources */,
				17F70228259778E500DBC2B2 /* Localized.swift in Sources */,
				17F701CF2597384600DBC2B2 /* Endpoints.swift in Sources */,
				17F701F12597764200DBC2B2 /* APIError.swift in Sources */,
				17F7024F2597F10600DBC2B2 /* AirQualityViewModel.swift in Sources */,
				17F70190259733F300DBC2B2 /* SingaporeBreatheApp.swift in Sources */,
			);
			runOnlyForDeploymentPostprocessing = 0;
		};
		17F70199259733F400DBC2B2 /* Sources */ = {
			isa = PBXSourcesBuildPhase;
			buildActionMask = 2147483647;
			files = (
				17F701A2259733F400DBC2B2 /* Singapore_BreatheTests.swift in Sources */,
			);
			runOnlyForDeploymentPostprocessing = 0;
		};
/* End PBXSourcesBuildPhase section */

/* Begin PBXTargetDependency section */
		17F7019F259733F400DBC2B2 /* PBXTargetDependency */ = {
			isa = PBXTargetDependency;
			target = 17F7018B259733F300DBC2B2 /* Singapore Breathe */;
			targetProxy = 17F7019E259733F400DBC2B2 /* PBXContainerItemProxy */;
		};
/* End PBXTargetDependency section */

/* Begin PBXVariantGroup section */
		17F7020E2597778300DBC2B2 /* Localizable.strings */ = {
			isa = PBXVariantGroup;
			children = (
				17F7020D2597778300DBC2B2 /* en */,
			);
			name = Localizable.strings;
			sourceTree = "<group>";
		};
/* End PBXVariantGroup section */

/* Begin XCBuildConfiguration section */
		17F701AF259733F400DBC2B2 /* Debug */ = {
			isa = XCBuildConfiguration;
			buildSettings = {
				ALWAYS_SEARCH_USER_PATHS = NO;
				CLANG_ANALYZER_NONNULL = YES;
				CLANG_ANALYZER_NUMBER_OBJECT_CONVERSION = YES_AGGRESSIVE;
				CLANG_CXX_LANGUAGE_STANDARD = "gnu++14";
				CLANG_CXX_LIBRARY = "libc++";
				CLANG_ENABLE_MODULES = YES;
				CLANG_ENABLE_OBJC_ARC = YES;
				CLANG_ENABLE_OBJC_WEAK = YES;
				CLANG_WARN_BLOCK_CAPTURE_AUTORELEASING = YES;
				CLANG_WARN_BOOL_CONVERSION = YES;
				CLANG_WARN_COMMA = YES;
				CLANG_WARN_CONSTANT_CONVERSION = YES;
				CLANG_WARN_DEPRECATED_OBJC_IMPLEMENTATIONS = YES;
				CLANG_WARN_DIRECT_OBJC_ISA_USAGE = YES_ERROR;
				CLANG_WARN_DOCUMENTATION_COMMENTS = YES;
				CLANG_WARN_EMPTY_BODY = YES;
				CLANG_WARN_ENUM_CONVERSION = YES;
				CLANG_WARN_INFINITE_RECURSION = YES;
				CLANG_WARN_INT_CONVERSION = YES;
				CLANG_WARN_NON_LITERAL_NULL_CONVERSION = YES;
				CLANG_WARN_OBJC_IMPLICIT_RETAIN_SELF = YES;
				CLANG_WARN_OBJC_LITERAL_CONVERSION = YES;
				CLANG_WARN_OBJC_ROOT_CLASS = YES_ERROR;
				CLANG_WARN_QUOTED_INCLUDE_IN_FRAMEWORK_HEADER = YES;
				CLANG_WARN_RANGE_LOOP_ANALYSIS = YES;
				CLANG_WARN_STRICT_PROTOTYPES = YES;
				CLANG_WARN_SUSPICIOUS_MOVE = YES;
				CLANG_WARN_UNGUARDED_AVAILABILITY = YES_AGGRESSIVE;
				CLANG_WARN_UNREACHABLE_CODE = YES;
				CLANG_WARN__DUPLICATE_METHOD_MATCH = YES;
				COPY_PHASE_STRIP = NO;
				DEBUG_INFORMATION_FORMAT = dwarf;
				ENABLE_STRICT_OBJC_MSGSEND = YES;
				ENABLE_TESTABILITY = YES;
				GCC_C_LANGUAGE_STANDARD = gnu11;
				GCC_DYNAMIC_NO_PIC = NO;
				GCC_NO_COMMON_BLOCKS = YES;
				GCC_OPTIMIZATION_LEVEL = 0;
				GCC_PREPROCESSOR_DEFINITIONS = (
					"DEBUG=1",
					"$(inherited)",
				);
				GCC_WARN_64_TO_32_BIT_CONVERSION = YES;
				GCC_WARN_ABOUT_RETURN_TYPE = YES_ERROR;
				GCC_WARN_UNDECLARED_SELECTOR = YES;
				GCC_WARN_UNINITIALIZED_AUTOS = YES_AGGRESSIVE;
				GCC_WARN_UNUSED_FUNCTION = YES;
				GCC_WARN_UNUSED_VARIABLE = YES;
				IPHONEOS_DEPLOYMENT_TARGET = 14.3;
				MTL_ENABLE_DEBUG_INFO = INCLUDE_SOURCE;
				MTL_FAST_MATH = YES;
				ONLY_ACTIVE_ARCH = YES;
				SDKROOT = iphoneos;
				SWIFT_ACTIVE_COMPILATION_CONDITIONS = DEBUG;
				SWIFT_OPTIMIZATION_LEVEL = "-Onone";
			};
			name = Debug;
		};
		17F701B0259733F400DBC2B2 /* Release */ = {
			isa = XCBuildConfiguration;
			buildSettings = {
				ALWAYS_SEARCH_USER_PATHS = NO;
				CLANG_ANALYZER_NONNULL = YES;
				CLANG_ANALYZER_NUMBER_OBJECT_CONVERSION = YES_AGGRESSIVE;
				CLANG_CXX_LANGUAGE_STANDARD = "gnu++14";
				CLANG_CXX_LIBRARY = "libc++";
				CLANG_ENABLE_MODULES = YES;
				CLANG_ENABLE_OBJC_ARC = YES;
				CLANG_ENABLE_OBJC_WEAK = YES;
				CLANG_WARN_BLOCK_CAPTURE_AUTORELEASING = YES;
				CLANG_WARN_BOOL_CONVERSION = YES;
				CLANG_WARN_COMMA = YES;
				CLANG_WARN_CONSTANT_CONVERSION = YES;
				CLANG_WARN_DEPRECATED_OBJC_IMPLEMENTATIONS = YES;
				CLANG_WARN_DIRECT_OBJC_ISA_USAGE = YES_ERROR;
				CLANG_WARN_DOCUMENTATION_COMMENTS = YES;
				CLANG_WARN_EMPTY_BODY = YES;
				CLANG_WARN_ENUM_CONVERSION = YES;
				CLANG_WARN_INFINITE_RECURSION = YES;
				CLANG_WARN_INT_CONVERSION = YES;
				CLANG_WARN_NON_LITERAL_NULL_CONVERSION = YES;
				CLANG_WARN_OBJC_IMPLICIT_RETAIN_SELF = YES;
				CLANG_WARN_OBJC_LITERAL_CONVERSION = YES;
				CLANG_WARN_OBJC_ROOT_CLASS = YES_ERROR;
				CLANG_WARN_QUOTED_INCLUDE_IN_FRAMEWORK_HEADER = YES;
				CLANG_WARN_RANGE_LOOP_ANALYSIS = YES;
				CLANG_WARN_STRICT_PROTOTYPES = YES;
				CLANG_WARN_SUSPICIOUS_MOVE = YES;
				CLANG_WARN_UNGUARDED_AVAILABILITY = YES_AGGRESSIVE;
				CLANG_WARN_UNREACHABLE_CODE = YES;
				CLANG_WARN__DUPLICATE_METHOD_MATCH = YES;
				COPY_PHASE_STRIP = NO;
				DEBUG_INFORMATION_FORMAT = "dwarf-with-dsym";
				ENABLE_NS_ASSERTIONS = NO;
				ENABLE_STRICT_OBJC_MSGSEND = YES;
				GCC_C_LANGUAGE_STANDARD = gnu11;
				GCC_NO_COMMON_BLOCKS = YES;
				GCC_WARN_64_TO_32_BIT_CONVERSION = YES;
				GCC_WARN_ABOUT_RETURN_TYPE = YES_ERROR;
				GCC_WARN_UNDECLARED_SELECTOR = YES;
				GCC_WARN_UNINITIALIZED_AUTOS = YES_AGGRESSIVE;
				GCC_WARN_UNUSED_FUNCTION = YES;
				GCC_WARN_UNUSED_VARIABLE = YES;
				IPHONEOS_DEPLOYMENT_TARGET = 14.3;
				MTL_ENABLE_DEBUG_INFO = NO;
				MTL_FAST_MATH = YES;
				SDKROOT = iphoneos;
				SWIFT_COMPILATION_MODE = wholemodule;
				SWIFT_OPTIMIZATION_LEVEL = "-O";
				VALIDATE_PRODUCT = YES;
			};
			name = Release;
		};
		17F701B2259733F400DBC2B2 /* Debug */ = {
			isa = XCBuildConfiguration;
			buildSettings = {
				ASSETCATALOG_COMPILER_APPICON_NAME = AppIcon;
				ASSETCATALOG_COMPILER_GLOBAL_ACCENT_COLOR_NAME = AccentColor;
				CODE_SIGN_STYLE = Automatic;
				DEVELOPMENT_ASSET_PATHS = "\"Singapore Breathe/Preview Content\"";
				DEVELOPMENT_TEAM = FQLBNX3GP7;
				ENABLE_PREVIEWS = YES;
				INFOPLIST_FILE = "Singapore Breathe/Info.plist";
				IPHONEOS_DEPLOYMENT_TARGET = 14.0;
				LD_RUNPATH_SEARCH_PATHS = (
					"$(inherited)",
					"@executable_path/Frameworks",
				);
				PRODUCT_BUNDLE_IDENTIFIER = com.stuartbreckenridge.sgbreathe;
				PRODUCT_NAME = "$(TARGET_NAME)";
				SWIFT_VERSION = 5.0;
				TARGETED_DEVICE_FAMILY = "1,2";
			};
			name = Debug;
		};
		17F701B3259733F400DBC2B2 /* Release */ = {
			isa = XCBuildConfiguration;
			buildSettings = {
				ASSETCATALOG_COMPILER_APPICON_NAME = AppIcon;
				ASSETCATALOG_COMPILER_GLOBAL_ACCENT_COLOR_NAME = AccentColor;
				CODE_SIGN_STYLE = Automatic;
				DEVELOPMENT_ASSET_PATHS = "\"Singapore Breathe/Preview Content\"";
				DEVELOPMENT_TEAM = FQLBNX3GP7;
				ENABLE_PREVIEWS = YES;
				INFOPLIST_FILE = "Singapore Breathe/Info.plist";
				IPHONEOS_DEPLOYMENT_TARGET = 14.0;
				LD_RUNPATH_SEARCH_PATHS = (
					"$(inherited)",
					"@executable_path/Frameworks",
				);
				PRODUCT_BUNDLE_IDENTIFIER = com.stuartbreckenridge.sgbreathe;
				PRODUCT_NAME = "$(TARGET_NAME)";
				SWIFT_VERSION = 5.0;
				TARGETED_DEVICE_FAMILY = "1,2";
			};
			name = Release;
		};
		17F701B5259733F400DBC2B2 /* Debug */ = {
			isa = XCBuildConfiguration;
			buildSettings = {
				ALWAYS_EMBED_SWIFT_STANDARD_LIBRARIES = YES;
				BUNDLE_LOADER = "$(TEST_HOST)";
				CODE_SIGN_STYLE = Automatic;
				DEVELOPMENT_TEAM = FQLBNX3GP7;
				INFOPLIST_FILE = "Singapore BreatheTests/Info.plist";
				IPHONEOS_DEPLOYMENT_TARGET = 14.0;
				LD_RUNPATH_SEARCH_PATHS = (
					"$(inherited)",
					"@executable_path/Frameworks",
					"@loader_path/Frameworks",
				);
				PRODUCT_BUNDLE_IDENTIFIER = "com.stuartbreckenridge.Singapore-BreatheTests";
				PRODUCT_NAME = "$(TARGET_NAME)";
				SWIFT_VERSION = 5.0;
				TARGETED_DEVICE_FAMILY = "1,2";
				TEST_HOST = "$(BUILT_PRODUCTS_DIR)/Singapore Breathe.app/Singapore Breathe";
			};
			name = Debug;
		};
		17F701B6259733F400DBC2B2 /* Release */ = {
			isa = XCBuildConfiguration;
			buildSettings = {
				ALWAYS_EMBED_SWIFT_STANDARD_LIBRARIES = YES;
				BUNDLE_LOADER = "$(TEST_HOST)";
				CODE_SIGN_STYLE = Automatic;
				DEVELOPMENT_TEAM = FQLBNX3GP7;
				INFOPLIST_FILE = "Singapore BreatheTests/Info.plist";
				IPHONEOS_DEPLOYMENT_TARGET = 14.0;
				LD_RUNPATH_SEARCH_PATHS = (
					"$(inherited)",
					"@executable_path/Frameworks",
					"@loader_path/Frameworks",
				);
				PRODUCT_BUNDLE_IDENTIFIER = "com.stuartbreckenridge.Singapore-BreatheTests";
				PRODUCT_NAME = "$(TARGET_NAME)";
				SWIFT_VERSION = 5.0;
				TARGETED_DEVICE_FAMILY = "1,2";
				TEST_HOST = "$(BUILT_PRODUCTS_DIR)/Singapore Breathe.app/Singapore Breathe";
			};
			name = Release;
		};
/* End XCBuildConfiguration section */

/* Begin XCConfigurationList section */
		17F70187259733F300DBC2B2 /* Build configuration list for PBXProject "Singapore Breathe" */ = {
			isa = XCConfigurationList;
			buildConfigurations = (
				17F701AF259733F400DBC2B2 /* Debug */,
				17F701B0259733F400DBC2B2 /* Release */,
			);
			defaultConfigurationIsVisible = 0;
			defaultConfigurationName = Release;
		};
		17F701B1259733F400DBC2B2 /* Build configuration list for PBXNativeTarget "Singapore Breathe" */ = {
			isa = XCConfigurationList;
			buildConfigurations = (
				17F701B2259733F400DBC2B2 /* Debug */,
				17F701B3259733F400DBC2B2 /* Release */,
			);
			defaultConfigurationIsVisible = 0;
			defaultConfigurationName = Release;
		};
		17F701B4259733F400DBC2B2 /* Build configuration list for PBXNativeTarget "Singapore BreatheTests" */ = {
			isa = XCConfigurationList;
			buildConfigurations = (
				17F701B5259733F400DBC2B2 /* Debug */,
				17F701B6259733F400DBC2B2 /* Release */,
			);
			defaultConfigurationIsVisible = 0;
			defaultConfigurationName = Release;
		};
/* End XCConfigurationList section */
	};
	rootObject = 17F70184259733F300DBC2B2 /* Project object */;
}
